
Microsoft Visual Studio Solution File, Format Version 12.00
# Visual Studio Version 17
VisualStudioVersion = 17.13.35931.197 d17.13
MinimumVisualStudioVersion = 10.0.40219.1
Project("{FAE04EC0-301F-11D3-BF4B-00C04F79EFBC}") = "GraphInterface", "GraphInterface\GraphInterface.csproj", "{DFAB2551-A508-4956-BBEE-6BE102639882}"
EndProject
Project("{FAE04EC0-301F-11D3-BF4B-00C04F79EFBC}") = "GraphLogic", "GraphLogic\GraphLogic.csproj", "{6EA36DF5-90D2-450E-AB15-E887EA888479}"
EndProject
Global
	GlobalSection(SolutionConfigurationPlatforms) = preSolution
		Debug|Any CPU = Debug|Any CPU
		Release|Any CPU = Release|Any CPU
	EndGlobalSection
	GlobalSection(ProjectConfigurationPlatforms) = postSolution
		{DFAB2551-A508-4956-BBEE-6BE102639882}.Debug|Any CPU.ActiveCfg = Debug|Any CPU
		{DFAB2551-A508-4956-BBEE-6BE102639882}.Debug|Any CPU.Build.0 = Debug|Any CPU
		{DFAB2551-A508-4956-BBEE-6BE102639882}.Release|Any CPU.ActiveCfg = Release|Any CPU
		{DFAB2551-A508-4956-BBEE-6BE102639882}.Release|Any CPU.Build.0 = Release|Any CPU
		{6EA36DF5-90D2-450E-AB15-E887EA888479}.Debug|Any CPU.ActiveCfg = Debug|Any CPU
		{6EA36DF5-90D2-450E-AB15-E887EA888479}.Debug|Any CPU.Build.0 = Debug|Any CPU
		{6EA36DF5-90D2-450E-AB15-E887EA888479}.Release|Any CPU.ActiveCfg = Release|Any CPU
		{6EA36DF5-90D2-450E-AB15-E887EA888479}.Release|Any CPU.Build.0 = Release|Any CPU
	EndGlobalSection
	GlobalSection(SolutionProperties) = preSolution
		HideSolutionNode = FALSE
	EndGlobalSection
	GlobalSection(ExtensibilityGlobals) = postSolution
		SolutionGuid = {0881FA0D-D556-49B5-9A38-8FC89AA3F43E}
	EndGlobalSection
EndGlobal
